
Microsoft Visual Studio Solution File, Format Version 12.00
# Visual Studio Version 17
VisualStudioVersion = 17.3.32901.215
MinimumVisualStudioVersion = 10.0.40219.1
Project("{9A19103F-16F7-4668-BE54-9A1E7A4F7556}") = "WebApplication1", "WebApplication1\WebApplication1.csproj", "{1C343E5C-A2C3-46F4-A65F-EF59710E6984}"
EndProject
Project("{FAE04EC0-301F-11D3-BF4B-00C04F79EFBC}") = "WinFormsApp1", "WinFormsApp1\WinFormsApp1.csproj", "{5E729FF6-45F6-4E27-BA43-F680345FE63C}"
EndProject
Global
	GlobalSection(SolutionConfigurationPlatforms) = preSolution
		Debug|Any CPU = Debug|Any CPU
		Release|Any CPU = Release|Any CPU
	EndGlobalSection
	GlobalSection(ProjectConfigurationPlatforms) = postSolution
		{1C343E5C-A2C3-46F4-A65F-EF59710E6984}.Debug|Any CPU.ActiveCfg = Debug|Any CPU
		{1C343E5C-A2C3-46F4-A65F-EF59710E6984}.Debug|Any CPU.Build.0 = Debug|Any CPU
		{1C343E5C-A2C3-46F4-A65F-EF59710E6984}.Release|Any CPU.ActiveCfg = Release|Any CPU
		{1C343E5C-A2C3-46F4-A65F-EF59710E6984}.Release|Any CPU.Build.0 = Release|Any CPU
		{5E729FF6-45F6-4E27-BA43-F680345FE63C}.Debug|Any CPU.ActiveCfg = Debug|Any CPU
		{5E729FF6-45F6-4E27-BA43-F680345FE63C}.Debug|Any CPU.Build.0 = Debug|Any CPU
		{5E729FF6-45F6-4E27-BA43-F680345FE63C}.Release|Any CPU.ActiveCfg = Release|Any CPU
		{5E729FF6-45F6-4E27-BA43-F680345FE63C}.Release|Any CPU.Build.0 = Release|Any CPU
	EndGlobalSection
	GlobalSection(SolutionProperties) = preSolution
		HideSolutionNode = FALSE
	EndGlobalSection
	GlobalSection(ExtensibilityGlobals) = postSolution
		SolutionGuid = {A9E1FD57-80F4-40F8-A1F4-D1B75F260B4D}
	EndGlobalSection
EndGlobal
